
Microsoft Visual Studio Solution File, Format Version 12.00
# Visual Studio Version 17
VisualStudioVersion = 17.1.32407.343
MinimumVisualStudioVersion = 10.0.40219.1
Project("{FAE04EC0-301F-11D3-BF4B-00C04F79EFBC}") = "PreprocessorDirectiveExample", "PreprocessorDirectiveExample\PreprocessorDirectiveExample.csproj", "{A083A6D3-C77B-4408-B171-8E36FF23B357}"
EndProject
Global
	GlobalSection(SolutionConfigurationPlatforms) = preSolution
		Debug|Any CPU = Debug|Any CPU
		Release|Any CPU = Release|Any CPU
	EndGlobalSection
	GlobalSection(ProjectConfigurationPlatforms) = postSolution
		{A083A6D3-C77B-4408-B171-8E36FF23B357}.Debug|Any CPU.ActiveCfg = Debug|Any CPU
		{A083A6D3-C77B-4408-B171-8E36FF23B357}.Debug|Any CPU.Build.0 = Debug|Any CPU
		{A083A6D3-C77B-4408-B171-8E36FF23B357}.Release|Any CPU.ActiveCfg = Release|Any CPU
		{A083A6D3-C77B-4408-B171-8E36FF23B357}.Release|Any CPU.Build.0 = Release|Any CPU
	EndGlobalSection
	GlobalSection(SolutionProperties) = preSolution
		HideSolutionNode = FALSE
	EndGlobalSection
	GlobalSection(ExtensibilityGlobals) = postSolution
		SolutionGuid = {6FC134E9-E1FB-4C68-838E-7F7BF5E48699}
	EndGlobalSection
EndGlobal
